
Microsoft Visual Studio Solution File, Format Version 12.00
# Visual Studio Version 17
VisualStudioVersion = 17.6.33620.401
MinimumVisualStudioVersion = 10.0.40219.1
Project("{FAE04EC0-301F-11D3-BF4B-00C04F79EFBC}") = "Segmentation", "Segmentation\Segmentation.csproj", "{8827B3D8-EDDF-46A2-86DA-67879E82C228}"
EndProject
Global
	GlobalSection(SolutionConfigurationPlatforms) = preSolution
		Debug|Any CPU = Debug|Any CPU
		Release|Any CPU = Release|Any CPU
	EndGlobalSection
	GlobalSection(ProjectConfigurationPlatforms) = postSolution
		{8827B3D8-EDDF-46A2-86DA-67879E82C228}.Debug|Any CPU.ActiveCfg = Debug|Any CPU
		{8827B3D8-EDDF-46A2-86DA-67879E82C228}.Debug|Any CPU.Build.0 = Debug|Any CPU
		{8827B3D8-EDDF-46A2-86DA-67879E82C228}.Release|Any CPU.ActiveCfg = Release|Any CPU
		{8827B3D8-EDDF-46A2-86DA-67879E82C228}.Release|Any CPU.Build.0 = Release|Any CPU
	EndGlobalSection
	GlobalSection(SolutionProperties) = preSolution
		HideSolutionNode = FALSE
	EndGlobalSection
	GlobalSection(ExtensibilityGlobals) = postSolution
		SolutionGuid = {20CB6CE8-52A2-4B8F-89B3-1009EF6C92EF}
	EndGlobalSection
EndGlobal
